
Microsoft Visual Studio Solution File, Format Version 12.00
# Visual Studio Version 16
VisualStudioVersion = 16.0.29709.97
MinimumVisualStudioVersion = 10.0.40219.1
Project("{FAE04EC0-301F-11D3-BF4B-00C04F79EFBC}") = "IterativeStatement", "IterativeStatement.csproj", "{C33AD45A-A53C-49D8-AB4B-00BD285091ED}"
EndProject
Global
	GlobalSection(SolutionConfigurationPlatforms) = preSolution
		Debug|Any CPU = Debug|Any CPU
		Release|Any CPU = Release|Any CPU
	EndGlobalSection
	GlobalSection(ProjectConfigurationPlatforms) = postSolution
		{C33AD45A-A53C-49D8-AB4B-00BD285091ED}.Debug|Any CPU.ActiveCfg = Debug|Any CPU
		{C33AD45A-A53C-49D8-AB4B-00BD285091ED}.Debug|Any CPU.Build.0 = Debug|Any CPU
		{C33AD45A-A53C-49D8-AB4B-00BD285091ED}.Release|Any CPU.ActiveCfg = Release|Any CPU
		{C33AD45A-A53C-49D8-AB4B-00BD285091ED}.Release|Any CPU.Build.0 = Release|Any CPU
	EndGlobalSection
	GlobalSection(SolutionProperties) = preSolution
		HideSolutionNode = FALSE
	EndGlobalSection
	GlobalSection(ExtensibilityGlobals) = postSolution
		SolutionGuid = {761A8434-7E7A-4EFE-8F36-BAAEB1FD4BCF}
	EndGlobalSection
EndGlobal
